// !$*UTF8*$!
{
	archiveVersion = 1;
	classes = {
	};
	objectVersion = 55;
	objects = {

/* Begin PBXBuildFile section */
		6A68AEB4289FC486007DE010 /* LoginVM.swift in Sources */ = {isa = PBXBuildFile; fileRef = 6A68AEB3289FC486007DE010 /* LoginVM.swift */; };
		6A68AEB9289FED15007DE010 /* SingleResult.swift in Sources */ = {isa = PBXBuildFile; fileRef = 6A68AEB8289FED15007DE010 /* SingleResult.swift */; };
		6A68AEBD28A00082007DE010 /* SimpleAlert.swift in Sources */ = {isa = PBXBuildFile; fileRef = 6A68AEBC28A00082007DE010 /* SimpleAlert.swift */; };
		6A8A5F1C2898E9BA004C1D63 /* AppDelegate.swift in Sources */ = {isa = PBXBuildFile; fileRef = 6A8A5F1B2898E9BA004C1D63 /* AppDelegate.swift */; };
		6A8A5F1E2898E9BA004C1D63 /* SceneDelegate.swift in Sources */ = {isa = PBXBuildFile; fileRef = 6A8A5F1D2898E9BA004C1D63 /* SceneDelegate.swift */; };
		6A8A5F202898E9BA004C1D63 /* LoginVC.swift in Sources */ = {isa = PBXBuildFile; fileRef = 6A8A5F1F2898E9BA004C1D63 /* LoginVC.swift */; };
		6A8A5F232898E9BA004C1D63 /* Main.storyboard in Resources */ = {isa = PBXBuildFile; fileRef = 6A8A5F212898E9BA004C1D63 /* Main.storyboard */; };
		6A8A5F252898E9BC004C1D63 /* Assets.xcassets in Resources */ = {isa = PBXBuildFile; fileRef = 6A8A5F242898E9BC004C1D63 /* Assets.xcassets */; };
		6A8A5F282898E9BC004C1D63 /* LaunchScreen.storyboard in Resources */ = {isa = PBXBuildFile; fileRef = 6A8A5F262898E9BC004C1D63 /* LaunchScreen.storyboard */; };
		6A8A5F332898E9BC004C1D63 /* PrivateBoardTests.swift in Sources */ = {isa = PBXBuildFile; fileRef = 6A8A5F322898E9BC004C1D63 /* PrivateBoardTests.swift */; };
		6A8A5F3D2898E9BC004C1D63 /* PrivateBoardUITests.swift in Sources */ = {isa = PBXBuildFile; fileRef = 6A8A5F3C2898E9BC004C1D63 /* PrivateBoardUITests.swift */; };
		6A8A5F3F2898E9BC004C1D63 /* PrivateBoardUITestsLaunchTests.swift in Sources */ = {isa = PBXBuildFile; fileRef = 6A8A5F3E2898E9BC004C1D63 /* PrivateBoardUITestsLaunchTests.swift */; };
		6A8A5F4E28998FC9004C1D63 /* YHAPIRoute.swift in Sources */ = {isa = PBXBuildFile; fileRef = 6A8A5F4D28998FC9004C1D63 /* YHAPIRoute.swift */; };
		6A8A5F50289A3144004C1D63 /* RESTAPIRoute.swift in Sources */ = {isa = PBXBuildFile; fileRef = 6A8A5F4F289A3144004C1D63 /* RESTAPIRoute.swift */; };
		6A8A5F52289A31D1004C1D63 /* RESTAPIMethod.swift in Sources */ = {isa = PBXBuildFile; fileRef = 6A8A5F51289A31D1004C1D63 /* RESTAPIMethod.swift */; };
		6A8A5F58289A436B004C1D63 /* YHAPIDateFormatter.swift in Sources */ = {isa = PBXBuildFile; fileRef = 6A8A5F57289A436B004C1D63 /* YHAPIDateFormatter.swift */; };
		6A8A5F5A289A4B33004C1D63 /* YHAPIService.swift in Sources */ = {isa = PBXBuildFile; fileRef = 6A8A5F59289A4B33004C1D63 /* YHAPIService.swift */; };
		6A8A5F5D289A4E8E004C1D63 /* Alamofire in Frameworks */ = {isa = PBXBuildFile; productRef = 6A8A5F5C289A4E8E004C1D63 /* Alamofire */; };
/* End PBXBuildFile section */

/* Begin PBXContainerItemProxy section */
		6A8A5F2F2898E9BC004C1D63 /* PBXContainerItemProxy */ = {
			isa = PBXContainerItemProxy;
			containerPortal = 6A8A5F102898E9BA004C1D63 /* Project object */;
			proxyType = 1;
			remoteGlobalIDString = 6A8A5F172898E9BA004C1D63;
			remoteInfo = PrivateBoard;
		};
		6A8A5F392898E9BC004C1D63 /* PBXContainerItemProxy */ = {
			isa = PBXContainerItemProxy;
			containerPortal = 6A8A5F102898E9BA004C1D63 /* Project object */;
			proxyType = 1;
			remoteGlobalIDString = 6A8A5F172898E9BA004C1D63;
			remoteInfo = PrivateBoard;
		};
/* End PBXContainerItemProxy section */

/* Begin PBXFileReference section */
		6A68AEB3289FC486007DE010 /* LoginVM.swift */ = {isa = PBXFileReference; lastKnownFileType = sourcecode.swift; path = LoginVM.swift; sourceTree = "<group>"; };
		6A68AEB8289FED15007DE010 /* SingleResult.swift */ = {isa = PBXFileReference; lastKnownFileType = sourcecode.swift; path = SingleResult.swift; sourceTree = "<group>"; };
		6A68AEBC28A00082007DE010 /* SimpleAlert.swift */ = {isa = PBXFileReference; lastKnownFileType = sourcecode.swift; path = SimpleAlert.swift; sourceTree = "<group>"; };
		6A8A5F182898E9BA004C1D63 /* PrivateBoard.app */ = {isa = PBXFileReference; explicitFileType = wrapper.application; includeInIndex = 0; path = PrivateBoard.app; sourceTree = BUILT_PRODUCTS_DIR; };
		6A8A5F1B2898E9BA004C1D63 /* AppDelegate.swift */ = {isa = PBXFileReference; lastKnownFileType = sourcecode.swift; path = AppDelegate.swift; sourceTree = "<group>"; };
		6A8A5F1D2898E9BA004C1D63 /* SceneDelegate.swift */ = {isa = PBXFileReference; lastKnownFileType = sourcecode.swift; path = SceneDelegate.swift; sourceTree = "<group>"; };
		6A8A5F1F2898E9BA004C1D63 /* LoginVC.swift */ = {isa = PBXFileReference; lastKnownFileType = sourcecode.swift; path = LoginVC.swift; sourceTree = "<group>"; };
		6A8A5F222898E9BA004C1D63 /* Base */ = {isa = PBXFileReference; lastKnownFileType = file.storyboard; name = Base; path = Base.lproj/Main.storyboard; sourceTree = "<group>"; };
		6A8A5F242898E9BC004C1D63 /* Assets.xcassets */ = {isa = PBXFileReference; lastKnownFileType = folder.assetcatalog; path = Assets.xcassets; sourceTree = "<group>"; };
		6A8A5F272898E9BC004C1D63 /* Base */ = {isa = PBXFileReference; lastKnownFileType = file.storyboard; name = Base; path = Base.lproj/LaunchScreen.storyboard; sourceTree = "<group>"; };
		6A8A5F292898E9BC004C1D63 /* Info.plist */ = {isa = PBXFileReference; lastKnownFileType = text.plist.xml; path = Info.plist; sourceTree = "<group>"; };
		6A8A5F2E2898E9BC004C1D63 /* PrivateBoardTests.xctest */ = {isa = PBXFileReference; explicitFileType = wrapper.cfbundle; includeInIndex = 0; path = PrivateBoardTests.xctest; sourceTree = BUILT_PRODUCTS_DIR; };
		6A8A5F322898E9BC004C1D63 /* PrivateBoardTests.swift */ = {isa = PBXFileReference; lastKnownFileType = sourcecode.swift; path = PrivateBoardTests.swift; sourceTree = "<group>"; };
		6A8A5F382898E9BC004C1D63 /* PrivateBoardUITests.xctest */ = {isa = PBXFileReference; explicitFileType = wrapper.cfbundle; includeInIndex = 0; path = PrivateBoardUITests.xctest; sourceTree = BUILT_PRODUCTS_DIR; };
		6A8A5F3C2898E9BC004C1D63 /* PrivateBoardUITests.swift */ = {isa = PBXFileReference; lastKnownFileType = sourcecode.swift; path = PrivateBoardUITests.swift; sourceTree = "<group>"; };
		6A8A5F3E2898E9BC004C1D63 /* PrivateBoardUITestsLaunchTests.swift */ = {isa = PBXFileReference; lastKnownFileType = sourcecode.swift; path = PrivateBoardUITestsLaunchTests.swift; sourceTree = "<group>"; };
		6A8A5F4D28998FC9004C1D63 /* YHAPIRoute.swift */ = {isa = PBXFileReference; lastKnownFileType = sourcecode.swift; path = YHAPIRoute.swift; sourceTree = "<group>"; };
		6A8A5F4F289A3144004C1D63 /* RESTAPIRoute.swift */ = {isa = PBXFileReference; lastKnownFileType = sourcecode.swift; path = RESTAPIRoute.swift; sourceTree = "<group>"; };
		6A8A5F51289A31D1004C1D63 /* RESTAPIMethod.swift */ = {isa = PBXFileReference; lastKnownFileType = sourcecode.swift; path = RESTAPIMethod.swift; sourceTree = "<group>"; };
		6A8A5F57289A436B004C1D63 /* YHAPIDateFormatter.swift */ = {isa = PBXFileReference; lastKnownFileType = sourcecode.swift; path = YHAPIDateFormatter.swift; sourceTree = "<group>"; };
		6A8A5F59289A4B33004C1D63 /* YHAPIService.swift */ = {isa = PBXFileReference; lastKnownFileType = sourcecode.swift; path = YHAPIService.swift; sourceTree = "<group>"; };
/* End PBXFileReference section */

/* Begin PBXFrameworksBuildPhase section */
		6A8A5F152898E9BA004C1D63 /* Frameworks */ = {
			isa = PBXFrameworksBuildPhase;
			buildActionMask = 2147483647;
			files = (
				6A8A5F5D289A4E8E004C1D63 /* Alamofire in Frameworks */,
			);
			runOnlyForDeploymentPostprocessing = 0;
		};
		6A8A5F2B2898E9BC004C1D63 /* Frameworks */ = {
			isa = PBXFrameworksBuildPhase;
			buildActionMask = 2147483647;
			files = (
			);
			runOnlyForDeploymentPostprocessing = 0;
		};
		6A8A5F352898E9BC004C1D63 /* Frameworks */ = {
			isa = PBXFrameworksBuildPhase;
			buildActionMask = 2147483647;
			files = (
			);
			runOnlyForDeploymentPostprocessing = 0;
		};
/* End PBXFrameworksBuildPhase section */

/* Begin PBXGroup section */
		6A68AEB1289FC432007DE010 /* View */ = {
			isa = PBXGroup;
			children = (
			);
			path = View;
			sourceTree = "<group>";
		};
		6A68AEB2289FC460007DE010 /* ViewModel */ = {
			isa = PBXGroup;
			children = (
				6A68AEB3289FC486007DE010 /* LoginVM.swift */,
			);
			path = ViewModel;
			sourceTree = "<group>";
		};
		6A68AEB5289FEBD7007DE010 /* Model */ = {
			isa = PBXGroup;
			children = (
				6A68AEB8289FED15007DE010 /* SingleResult.swift */,
			);
			path = Model;
			sourceTree = "<group>";
		};
		6A68AEBB289FFFB6007DE010 /* Util */ = {
			isa = PBXGroup;
			children = (
				6A68AEBC28A00082007DE010 /* SimpleAlert.swift */,
			);
			path = Util;
			sourceTree = "<group>";
		};
		6A8A5F0F2898E9BA004C1D63 = {
			isa = PBXGroup;
			children = (
				6A8A5F1A2898E9BA004C1D63 /* PrivateBoard */,
				6A8A5F312898E9BC004C1D63 /* PrivateBoardTests */,
				6A8A5F3B2898E9BC004C1D63 /* PrivateBoardUITests */,
				6A8A5F192898E9BA004C1D63 /* Products */,
			);
			sourceTree = "<group>";
		};
		6A8A5F192898E9BA004C1D63 /* Products */ = {
			isa = PBXGroup;
			children = (
				6A8A5F182898E9BA004C1D63 /* PrivateBoard.app */,
				6A8A5F2E2898E9BC004C1D63 /* PrivateBoardTests.xctest */,
				6A8A5F382898E9BC004C1D63 /* PrivateBoardUITests.xctest */,
			);
			name = Products;
			sourceTree = "<group>";
		};
		6A8A5F1A2898E9BA004C1D63 /* PrivateBoard */ = {
			isa = PBXGroup;
			children = (
				6A68AEBB289FFFB6007DE010 /* Util */,
				6A68AEB5289FEBD7007DE010 /* Model */,
				6A68AEB2289FC460007DE010 /* ViewModel */,
				6A68AEB1289FC432007DE010 /* View */,
				6A8A5F4C28998F8B004C1D63 /* Reference */,
				6A8A5F4B28998F46004C1D63 /* Service */,
				6A8A5F1B2898E9BA004C1D63 /* AppDelegate.swift */,
				6A8A5F1D2898E9BA004C1D63 /* SceneDelegate.swift */,
				6A8A5F1F2898E9BA004C1D63 /* LoginVC.swift */,
				6A8A5F212898E9BA004C1D63 /* Main.storyboard */,
				6A8A5F242898E9BC004C1D63 /* Assets.xcassets */,
				6A8A5F262898E9BC004C1D63 /* LaunchScreen.storyboard */,
				6A8A5F292898E9BC004C1D63 /* Info.plist */,
			);
			path = PrivateBoard;
			sourceTree = "<group>";
		};
		6A8A5F312898E9BC004C1D63 /* PrivateBoardTests */ = {
			isa = PBXGroup;
			children = (
				6A8A5F322898E9BC004C1D63 /* PrivateBoardTests.swift */,
			);
			path = PrivateBoardTests;
			sourceTree = "<group>";
		};
		6A8A5F3B2898E9BC004C1D63 /* PrivateBoardUITests */ = {
			isa = PBXGroup;
			children = (
				6A8A5F3C2898E9BC004C1D63 /* PrivateBoardUITests.swift */,
				6A8A5F3E2898E9BC004C1D63 /* PrivateBoardUITestsLaunchTests.swift */,
			);
			path = PrivateBoardUITests;
			sourceTree = "<group>";
		};
		6A8A5F4B28998F46004C1D63 /* Service */ = {
			isa = PBXGroup;
			children = (
				6A8A5F4D28998FC9004C1D63 /* YHAPIRoute.swift */,
				6A8A5F57289A436B004C1D63 /* YHAPIDateFormatter.swift */,
				6A8A5F4F289A3144004C1D63 /* RESTAPIRoute.swift */,
				6A8A5F51289A31D1004C1D63 /* RESTAPIMethod.swift */,
				6A8A5F59289A4B33004C1D63 /* YHAPIService.swift */,
			);
			path = Service;
			sourceTree = "<group>";
		};
		6A8A5F4C28998F8B004C1D63 /* Reference */ = {
			isa = PBXGroup;
			children = (
			);
			path = Reference;
			sourceTree = "<group>";
		};
/* End PBXGroup section */

/* Begin PBXNativeTarget section */
		6A8A5F172898E9BA004C1D63 /* PrivateBoard */ = {
			isa = PBXNativeTarget;
			buildConfigurationList = 6A8A5F422898E9BC004C1D63 /* Build configuration list for PBXNativeTarget "PrivateBoard" */;
			buildPhases = (
				6A8A5F142898E9BA004C1D63 /* Sources */,
				6A8A5F152898E9BA004C1D63 /* Frameworks */,
				6A8A5F162898E9BA004C1D63 /* Resources */,
			);
			buildRules = (
			);
			dependencies = (
			);
			name = PrivateBoard;
			packageProductDependencies = (
				6A8A5F5C289A4E8E004C1D63 /* Alamofire */,
			);
			productName = PrivateBoard;
			productReference = 6A8A5F182898E9BA004C1D63 /* PrivateBoard.app */;
			productType = "com.apple.product-type.application";
		};
		6A8A5F2D2898E9BC004C1D63 /* PrivateBoardTests */ = {
			isa = PBXNativeTarget;
			buildConfigurationList = 6A8A5F452898E9BC004C1D63 /* Build configuration list for PBXNativeTarget "PrivateBoardTests" */;
			buildPhases = (
				6A8A5F2A2898E9BC004C1D63 /* Sources */,
				6A8A5F2B2898E9BC004C1D63 /* Frameworks */,
				6A8A5F2C2898E9BC004C1D63 /* Resources */,
			);
			buildRules = (
			);
			dependencies = (
				6A8A5F302898E9BC004C1D63 /* PBXTargetDependency */,
			);
			name = PrivateBoardTests;
			productName = PrivateBoardTests;
			productReference = 6A8A5F2E2898E9BC004C1D63 /* PrivateBoardTests.xctest */;
			productType = "com.apple.product-type.bundle.unit-test";
		};
		6A8A5F372898E9BC004C1D63 /* PrivateBoardUITests */ = {
			isa = PBXNativeTarget;
			buildConfigurationList = 6A8A5F482898E9BC004C1D63 /* Build configuration list for PBXNativeTarget "PrivateBoardUITests" */;
			buildPhases = (
				6A8A5F342898E9BC004C1D63 /* Sources */,
				6A8A5F352898E9BC004C1D63 /* Frameworks */,
				6A8A5F362898E9BC004C1D63 /* Resources */,
			);
			buildRules = (
			);
			dependencies = (
				6A8A5F3A2898E9BC004C1D63 /* PBXTargetDependency */,
			);
			name = PrivateBoardUITests;
			productName = PrivateBoardUITests;
			productReference = 6A8A5F382898E9BC004C1D63 /* PrivateBoardUITests.xctest */;
			productType = "com.apple.product-type.bundle.ui-testing";
		};
/* End PBXNativeTarget section */

/* Begin PBXProject section */
		6A8A5F102898E9BA004C1D63 /* Project object */ = {
			isa = PBXProject;
			attributes = {
				BuildIndependentTargetsInParallel = 1;
				LastSwiftUpdateCheck = 1340;
				LastUpgradeCheck = 1340;
				TargetAttributes = {
					6A8A5F172898E9BA004C1D63 = {
						CreatedOnToolsVersion = 13.4.1;
					};
					6A8A5F2D2898E9BC004C1D63 = {
						CreatedOnToolsVersion = 13.4.1;
						TestTargetID = 6A8A5F172898E9BA004C1D63;
					};
					6A8A5F372898E9BC004C1D63 = {
						CreatedOnToolsVersion = 13.4.1;
						TestTargetID = 6A8A5F172898E9BA004C1D63;
					};
				};
			};
			buildConfigurationList = 6A8A5F132898E9BA004C1D63 /* Build configuration list for PBXProject "PrivateBoard" */;
			compatibilityVersion = "Xcode 13.0";
			developmentRegion = en;
			hasScannedForEncodings = 0;
			knownRegions = (
				en,
				Base,
			);
			mainGroup = 6A8A5F0F2898E9BA004C1D63;
			packageReferences = (
				6A8A5F5B289A4E8E004C1D63 /* XCRemoteSwiftPackageReference "Alamofire" */,
			);
			productRefGroup = 6A8A5F192898E9BA004C1D63 /* Products */;
			projectDirPath = "";
			projectRoot = "";
			targets = (
				6A8A5F172898E9BA004C1D63 /* PrivateBoard */,
				6A8A5F2D2898E9BC004C1D63 /* PrivateBoardTests */,
				6A8A5F372898E9BC004C1D63 /* PrivateBoardUITests */,
			);
		};
/* End PBXProject section */

/* Begin PBXResourcesBuildPhase section */
		6A8A5F162898E9BA004C1D63 /* Resources */ = {
			isa = PBXResourcesBuildPhase;
			buildActionMask = 2147483647;
			files = (
				6A8A5F282898E9BC004C1D63 /* LaunchScreen.storyboard in Resources */,
				6A8A5F252898E9BC004C1D63 /* Assets.xcassets in Resources */,
				6A8A5F232898E9BA004C1D63 /* Main.storyboard in Resources */,
			);
			runOnlyForDeploymentPostprocessing = 0;
		};
		6A8A5F2C2898E9BC004C1D63 /* Resources */ = {
			isa = PBXResourcesBuildPhase;
			buildActionMask = 2147483647;
			files = (
			);
			runOnlyForDeploymentPostprocessing = 0;
		};
		6A8A5F362898E9BC004C1D63 /* Resources */ = {
			isa = PBXResourcesBuildPhase;
			buildActionMask = 2147483647;
			files = (
			);
			runOnlyForDeploymentPostprocessing = 0;
		};
/* End PBXResourcesBuildPhase section */

/* Begin PBXSourcesBuildPhase section */
		6A8A5F142898E9BA004C1D63 /* Sources */ = {
			isa = PBXSourcesBuildPhase;
			buildActionMask = 2147483647;
			files = (
				6A8A5F202898E9BA004C1D63 /* LoginVC.swift in Sources */,
				6A8A5F50289A3144004C1D63 /* RESTAPIRoute.swift in Sources */,
				6A8A5F5A289A4B33004C1D63 /* YHAPIService.swift in Sources */,
				6A8A5F4E28998FC9004C1D63 /* YHAPIRoute.swift in Sources */,
				6A68AEB9289FED15007DE010 /* SingleResult.swift in Sources */,
				6A68AEBD28A00082007DE010 /* SimpleAlert.swift in Sources */,
				6A8A5F1C2898E9BA004C1D63 /* AppDelegate.swift in Sources */,
				6A68AEB4289FC486007DE010 /* LoginVM.swift in Sources */,
				6A8A5F1E2898E9BA004C1D63 /* SceneDelegate.swift in Sources */,
				6A8A5F58289A436B004C1D63 /* YHAPIDateFormatter.swift in Sources */,
				6A8A5F52289A31D1004C1D63 /* RESTAPIMethod.swift in Sources */,
			);
			runOnlyForDeploymentPostprocessing = 0;
		};
		6A8A5F2A2898E9BC004C1D63 /* Sources */ = {
			isa = PBXSourcesBuildPhase;
			buildActionMask = 2147483647;
			files = (
				6A8A5F332898E9BC004C1D63 /* PrivateBoardTests.swift in Sources */,
			);
			runOnlyForDeploymentPostprocessing = 0;
		};
		6A8A5F342898E9BC004C1D63 /* Sources */ = {
			isa = PBXSourcesBuildPhase;
			buildActionMask = 2147483647;
			files = (
				6A8A5F3D2898E9BC004C1D63 /* PrivateBoardUITests.swift in Sources */,
				6A8A5F3F2898E9BC004C1D63 /* PrivateBoardUITestsLaunchTests.swift in Sources */,
			);
			runOnlyForDeploymentPostprocessing = 0;
		};
/* End PBXSourcesBuildPhase section */

/* Begin PBXTargetDependency section */
		6A8A5F302898E9BC004C1D63 /* PBXTargetDependency */ = {
			isa = PBXTargetDependency;
			target = 6A8A5F172898E9BA004C1D63 /* PrivateBoard */;
			targetProxy = 6A8A5F2F2898E9BC004C1D63 /* PBXContainerItemProxy */;
		};
		6A8A5F3A2898E9BC004C1D63 /* PBXTargetDependency */ = {
			isa = PBXTargetDependency;
			target = 6A8A5F172898E9BA004C1D63 /* PrivateBoard */;
			targetProxy = 6A8A5F392898E9BC004C1D63 /* PBXContainerItemProxy */;
		};
/* End PBXTargetDependency section */

/* Begin PBXVariantGroup section */
		6A8A5F212898E9BA004C1D63 /* Main.storyboard */ = {
			isa = PBXVariantGroup;
			children = (
				6A8A5F222898E9BA004C1D63 /* Base */,
			);
			name = Main.storyboard;
			sourceTree = "<group>";
		};
		6A8A5F262898E9BC004C1D63 /* LaunchScreen.storyboard */ = {
			isa = PBXVariantGroup;
			children = (
				6A8A5F272898E9BC004C1D63 /* Base */,
			);
			name = LaunchScreen.storyboard;
			sourceTree = "<group>";
		};
/* End PBXVariantGroup section */

/* Begin XCBuildConfiguration section */
		6A8A5F402898E9BC004C1D63 /* Debug */ = {
			isa = XCBuildConfiguration;
			buildSettings = {
				ALWAYS_SEARCH_USER_PATHS = NO;
				CLANG_ANALYZER_NONNULL = YES;
				CLANG_ANALYZER_NUMBER_OBJECT_CONVERSION = YES_AGGRESSIVE;
				CLANG_CXX_LANGUAGE_STANDARD = "gnu++17";
				CLANG_ENABLE_MODULES = YES;
				CLANG_ENABLE_OBJC_ARC = YES;
				CLANG_ENABLE_OBJC_WEAK = YES;
				CLANG_WARN_BLOCK_CAPTURE_AUTORELEASING = YES;
				CLANG_WARN_BOOL_CONVERSION = YES;
				CLANG_WARN_COMMA = YES;
				CLANG_WARN_CONSTANT_CONVERSION = YES;
				CLANG_WARN_DEPRECATED_OBJC_IMPLEMENTATIONS = YES;
				CLANG_WARN_DIRECT_OBJC_ISA_USAGE = YES_ERROR;
				CLANG_WARN_DOCUMENTATION_COMMENTS = YES;
				CLANG_WARN_EMPTY_BODY = YES;
				CLANG_WARN_ENUM_CONVERSION = YES;
				CLANG_WARN_INFINITE_RECURSION = YES;
				CLANG_WARN_INT_CONVERSION = YES;
				CLANG_WARN_NON_LITERAL_NULL_CONVERSION = YES;
				CLANG_WARN_OBJC_IMPLICIT_RETAIN_SELF = YES;
				CLANG_WARN_OBJC_LITERAL_CONVERSION = YES;
				CLANG_WARN_OBJC_ROOT_CLASS = YES_ERROR;
				CLANG_WARN_QUOTED_INCLUDE_IN_FRAMEWORK_HEADER = YES;
				CLANG_WARN_RANGE_LOOP_ANALYSIS = YES;
				CLANG_WARN_STRICT_PROTOTYPES = YES;
				CLANG_WARN_SUSPICIOUS_MOVE = YES;
				CLANG_WARN_UNGUARDED_AVAILABILITY = YES_AGGRESSIVE;
				CLANG_WARN_UNREACHABLE_CODE = YES;
				CLANG_WARN__DUPLICATE_METHOD_MATCH = YES;
				COPY_PHASE_STRIP = NO;
				DEBUG_INFORMATION_FORMAT = dwarf;
				ENABLE_STRICT_OBJC_MSGSEND = YES;
				ENABLE_TESTABILITY = YES;
				GCC_C_LANGUAGE_STANDARD = gnu11;
				GCC_DYNAMIC_NO_PIC = NO;
				GCC_NO_COMMON_BLOCKS = YES;
				GCC_OPTIMIZATION_LEVEL = 0;
				GCC_PREPROCESSOR_DEFINITIONS = (
					"DEBUG=1",
					"$(inherited)",
				);
				GCC_WARN_64_TO_32_BIT_CONVERSION = YES;
				GCC_WARN_ABOUT_RETURN_TYPE = YES_ERROR;
				GCC_WARN_UNDECLARED_SELECTOR = YES;
				GCC_WARN_UNINITIALIZED_AUTOS = YES_AGGRESSIVE;
				GCC_WARN_UNUSED_FUNCTION = YES;
				GCC_WARN_UNUSED_VARIABLE = YES;
				IPHONEOS_DEPLOYMENT_TARGET = 15.5;
				MTL_ENABLE_DEBUG_INFO = INCLUDE_SOURCE;
				MTL_FAST_MATH = YES;
				ONLY_ACTIVE_ARCH = YES;
				SDKROOT = iphoneos;
				SWIFT_ACTIVE_COMPILATION_CONDITIONS = DEBUG;
				SWIFT_OPTIMIZATION_LEVEL = "-Onone";
			};
			name = Debug;
		};
		6A8A5F412898E9BC004C1D63 /* Release */ = {
			isa = XCBuildConfiguration;
			buildSettings = {
				ALWAYS_SEARCH_USER_PATHS = NO;
				CLANG_ANALYZER_NONNULL = YES;
				CLANG_ANALYZER_NUMBER_OBJECT_CONVERSION = YES_AGGRESSIVE;
				CLANG_CXX_LANGUAGE_STANDARD = "gnu++17";
				CLANG_ENABLE_MODULES = YES;
				CLANG_ENABLE_OBJC_ARC = YES;
				CLANG_ENABLE_OBJC_WEAK = YES;
				CLANG_WARN_BLOCK_CAPTURE_AUTORELEASING = YES;
				CLANG_WARN_BOOL_CONVERSION = YES;
				CLANG_WARN_COMMA = YES;
				CLANG_WARN_CONSTANT_CONVERSION = YES;
				CLANG_WARN_DEPRECATED_OBJC_IMPLEMENTATIONS = YES;
				CLANG_WARN_DIRECT_OBJC_ISA_USAGE = YES_ERROR;
				CLANG_WARN_DOCUMENTATION_COMMENTS = YES;
				CLANG_WARN_EMPTY_BODY = YES;
				CLANG_WARN_ENUM_CONVERSION = YES;
				CLANG_WARN_INFINITE_RECURSION = YES;
				CLANG_WARN_INT_CONVERSION = YES;
				CLANG_WARN_NON_LITERAL_NULL_CONVERSION = YES;
				CLANG_WARN_OBJC_IMPLICIT_RETAIN_SELF = YES;
				CLANG_WARN_OBJC_LITERAL_CONVERSION = YES;
				CLANG_WARN_OBJC_ROOT_CLASS = YES_ERROR;
				CLANG_WARN_QUOTED_INCLUDE_IN_FRAMEWORK_HEADER = YES;
				CLANG_WARN_RANGE_LOOP_ANALYSIS = YES;
				CLANG_WARN_STRICT_PROTOTYPES = YES;
				CLANG_WARN_SUSPICIOUS_MOVE = YES;
				CLANG_WARN_UNGUARDED_AVAILABILITY = YES_AGGRESSIVE;
				CLANG_WARN_UNREACHABLE_CODE = YES;
				CLANG_WARN__DUPLICATE_METHOD_MATCH = YES;
				COPY_PHASE_STRIP = NO;
				DEBUG_INFORMATION_FORMAT = "dwarf-with-dsym";
				ENABLE_NS_ASSERTIONS = NO;
				ENABLE_STRICT_OBJC_MSGSEND = YES;
				GCC_C_LANGUAGE_STANDARD = gnu11;
				GCC_NO_COMMON_BLOCKS = YES;
				GCC_WARN_64_TO_32_BIT_CONVERSION = YES;
				GCC_WARN_ABOUT_RETURN_TYPE = YES_ERROR;
				GCC_WARN_UNDECLARED_SELECTOR = YES;
				GCC_WARN_UNINITIALIZED_AUTOS = YES_AGGRESSIVE;
				GCC_WARN_UNUSED_FUNCTION = YES;
				GCC_WARN_UNUSED_VARIABLE = YES;
				IPHONEOS_DEPLOYMENT_TARGET = 15.5;
				MTL_ENABLE_DEBUG_INFO = NO;
				MTL_FAST_MATH = YES;
				SDKROOT = iphoneos;
				SWIFT_COMPILATION_MODE = wholemodule;
				SWIFT_OPTIMIZATION_LEVEL = "-O";
				VALIDATE_PRODUCT = YES;
			};
			name = Release;
		};
		6A8A5F432898E9BC004C1D63 /* Debug */ = {
			isa = XCBuildConfiguration;
			buildSettings = {
				ASSETCATALOG_COMPILER_APPICON_NAME = AppIcon;
				ASSETCATALOG_COMPILER_GLOBAL_ACCENT_COLOR_NAME = AccentColor;
				CODE_SIGN_STYLE = Automatic;
				CURRENT_PROJECT_VERSION = 1;
				DEVELOPMENT_TEAM = WRMZ68J9BN;
				GENERATE_INFOPLIST_FILE = YES;
				INFOPLIST_FILE = PrivateBoard/Info.plist;
				INFOPLIST_KEY_UIApplicationSupportsIndirectInputEvents = YES;
				INFOPLIST_KEY_UILaunchStoryboardName = LaunchScreen;
				INFOPLIST_KEY_UIMainStoryboardFile = Main;
				INFOPLIST_KEY_UISupportedInterfaceOrientations = UIInterfaceOrientationPortrait;
				INFOPLIST_KEY_UISupportedInterfaceOrientations_iPad = "UIInterfaceOrientationPortrait UIInterfaceOrientationPortraitUpsideDown UIInterfaceOrientationLandscapeLeft UIInterfaceOrientationLandscapeRight";
				INFOPLIST_KEY_UISupportedInterfaceOrientations_iPhone = "UIInterfaceOrientationPortrait UIInterfaceOrientationLandscapeLeft UIInterfaceOrientationLandscapeRight";
				IPHONEOS_DEPLOYMENT_TARGET = 14.0;
				LD_RUNPATH_SEARCH_PATHS = (
					"$(inherited)",
					"@executable_path/Frameworks",
				);
				MARKETING_VERSION = 1.0;
				PRODUCT_BUNDLE_IDENTIFIER = wongukyang.PrivateBoard;
				PRODUCT_NAME = "$(TARGET_NAME)";
				SWIFT_EMIT_LOC_STRINGS = YES;
				SWIFT_VERSION = 5.0;
				TARGETED_DEVICE_FAMILY = 1;
			};
			name = Debug;
		};
		6A8A5F442898E9BC004C1D63 /* Release */ = {
			isa = XCBuildConfiguration;
			buildSettings = {
				ASSETCATALOG_COMPILER_APPICON_NAME = AppIcon;
				ASSETCATALOG_COMPILER_GLOBAL_ACCENT_COLOR_NAME = AccentColor;
				CODE_SIGN_STYLE = Automatic;
				CURRENT_PROJECT_VERSION = 1;
				DEVELOPMENT_TEAM = WRMZ68J9BN;
				GENERATE_INFOPLIST_FILE = YES;
				INFOPLIST_FILE = PrivateBoard/Info.plist;
				INFOPLIST_KEY_UIApplicationSupportsIndirectInputEvents = YES;
				INFOPLIST_KEY_UILaunchStoryboardName = LaunchScreen;
				INFOPLIST_KEY_UIMainStoryboardFile = Main;
				INFOPLIST_KEY_UISupportedInterfaceOrientations = UIInterfaceOrientationPortrait;
				INFOPLIST_KEY_UISupportedInterfaceOrientations_iPad = "UIInterfaceOrientationPortrait UIInterfaceOrientationPortraitUpsideDown UIInterfaceOrientationLandscapeLeft UIInterfaceOrientationLandscapeRight";
				INFOPLIST_KEY_UISupportedInterfaceOrientations_iPhone = "UIInterfaceOrientationPortrait UIInterfaceOrientationLandscapeLeft UIInterfaceOrientationLandscapeRight";
				IPHONEOS_DEPLOYMENT_TARGET = 14.0;
				LD_RUNPATH_SEARCH_PATHS = (
					"$(inherited)",
					"@executable_path/Frameworks",
				);
				MARKETING_VERSION = 1.0;
				PRODUCT_BUNDLE_IDENTIFIER = wongukyang.PrivateBoard;
				PRODUCT_NAME = "$(TARGET_NAME)";
				SWIFT_EMIT_LOC_STRINGS = YES;
				SWIFT_VERSION = 5.0;
				TARGETED_DEVICE_FAMILY = 1;
			};
			name = Release;
		};
		6A8A5F462898E9BC004C1D63 /* Debug */ = {
			isa = XCBuildConfiguration;
			buildSettings = {
				ALWAYS_EMBED_SWIFT_STANDARD_LIBRARIES = YES;
				BUNDLE_LOADER = "$(TEST_HOST)";
				CODE_SIGN_STYLE = Automatic;
				CURRENT_PROJECT_VERSION = 1;
				DEVELOPMENT_TEAM = WRMZ68J9BN;
				GENERATE_INFOPLIST_FILE = YES;
				IPHONEOS_DEPLOYMENT_TARGET = 15.5;
				MARKETING_VERSION = 1.0;
				PRODUCT_BUNDLE_IDENTIFIER = wongukyang.PrivateBoardTests;
				PRODUCT_NAME = "$(TARGET_NAME)";
				SWIFT_EMIT_LOC_STRINGS = NO;
				SWIFT_VERSION = 5.0;
				TARGETED_DEVICE_FAMILY = "1,2";
				TEST_HOST = "$(BUILT_PRODUCTS_DIR)/PrivateBoard.app/PrivateBoard";
			};
			name = Debug;
		};
		6A8A5F472898E9BC004C1D63 /* Release */ = {
			isa = XCBuildConfiguration;
			buildSettings = {
				ALWAYS_EMBED_SWIFT_STANDARD_LIBRARIES = YES;
				BUNDLE_LOADER = "$(TEST_HOST)";
				CODE_SIGN_STYLE = Automatic;
				CURRENT_PROJECT_VERSION = 1;
				DEVELOPMENT_TEAM = WRMZ68J9BN;
				GENERATE_INFOPLIST_FILE = YES;
				IPHONEOS_DEPLOYMENT_TARGET = 15.5;
				MARKETING_VERSION = 1.0;
				PRODUCT_BUNDLE_IDENTIFIER = wongukyang.PrivateBoardTests;
				PRODUCT_NAME = "$(TARGET_NAME)";
				SWIFT_EMIT_LOC_STRINGS = NO;
				SWIFT_VERSION = 5.0;
				TARGETED_DEVICE_FAMILY = "1,2";
				TEST_HOST = "$(BUILT_PRODUCTS_DIR)/PrivateBoard.app/PrivateBoard";
			};
			name = Release;
		};
		6A8A5F492898E9BC004C1D63 /* Debug */ = {
			isa = XCBuildConfiguration;
			buildSettings = {
				ALWAYS_EMBED_SWIFT_STANDARD_LIBRARIES = YES;
				CODE_SIGN_STYLE = Automatic;
				CURRENT_PROJECT_VERSION = 1;
				DEVELOPMENT_TEAM = WRMZ68J9BN;
				GENERATE_INFOPLIST_FILE = YES;
				MARKETING_VERSION = 1.0;
				PRODUCT_BUNDLE_IDENTIFIER = wongukyang.PrivateBoardUITests;
				PRODUCT_NAME = "$(TARGET_NAME)";
				SWIFT_EMIT_LOC_STRINGS = NO;
				SWIFT_VERSION = 5.0;
				TARGETED_DEVICE_FAMILY = "1,2";
				TEST_TARGET_NAME = PrivateBoard;
			};
			name = Debug;
		};
		6A8A5F4A2898E9BC004C1D63 /* Release */ = {
			isa = XCBuildConfiguration;
			buildSettings = {
				ALWAYS_EMBED_SWIFT_STANDARD_LIBRARIES = YES;
				CODE_SIGN_STYLE = Automatic;
				CURRENT_PROJECT_VERSION = 1;
				DEVELOPMENT_TEAM = WRMZ68J9BN;
				GENERATE_INFOPLIST_FILE = YES;
				MARKETING_VERSION = 1.0;
				PRODUCT_BUNDLE_IDENTIFIER = wongukyang.PrivateBoardUITests;
				PRODUCT_NAME = "$(TARGET_NAME)";
				SWIFT_EMIT_LOC_STRINGS = NO;
				SWIFT_VERSION = 5.0;
				TARGETED_DEVICE_FAMILY = "1,2";
				TEST_TARGET_NAME = PrivateBoard;
			};
			name = Release;
		};
/* End XCBuildConfiguration section */

/* Begin XCConfigurationList section */
		6A8A5F132898E9BA004C1D63 /* Build configuration list for PBXProject "PrivateBoard" */ = {
			isa = XCConfigurationList;
			buildConfigurations = (
				6A8A5F402898E9BC004C1D63 /* Debug */,
				6A8A5F412898E9BC004C1D63 /* Release */,
			);
			defaultConfigurationIsVisible = 0;
			defaultConfigurationName = Release;
		};
		6A8A5F422898E9BC004C1D63 /* Build configuration list for PBXNativeTarget "PrivateBoard" */ = {
			isa = XCConfigurationList;
			buildConfigurations = (
				6A8A5F432898E9BC004C1D63 /* Debug */,
				6A8A5F442898E9BC004C1D63 /* Release */,
			);
			defaultConfigurationIsVisible = 0;
			defaultConfigurationName = Release;
		};
		6A8A5F452898E9BC004C1D63 /* Build configuration list for PBXNativeTarget "PrivateBoardTests" */ = {
			isa = XCConfigurationList;
			buildConfigurations = (
				6A8A5F462898E9BC004C1D63 /* Debug */,
				6A8A5F472898E9BC004C1D63 /* Release */,
			);
			defaultConfigurationIsVisible = 0;
			defaultConfigurationName = Release;
		};
		6A8A5F482898E9BC004C1D63 /* Build configuration list for PBXNativeTarget "PrivateBoardUITests" */ = {
			isa = XCConfigurationList;
			buildConfigurations = (
				6A8A5F492898E9BC004C1D63 /* Debug */,
				6A8A5F4A2898E9BC004C1D63 /* Release */,
			);
			defaultConfigurationIsVisible = 0;
			defaultConfigurationName = Release;
		};
/* End XCConfigurationList section */

/* Begin XCRemoteSwiftPackageReference section */
		6A8A5F5B289A4E8E004C1D63 /* XCRemoteSwiftPackageReference "Alamofire" */ = {
			isa = XCRemoteSwiftPackageReference;
			repositoryURL = "https://github.com/Alamofire/Alamofire.git";
			requirement = {
				kind = upToNextMajorVersion;
				minimumVersion = 5.0.0;
			};
		};
/* End XCRemoteSwiftPackageReference section */

/* Begin XCSwiftPackageProductDependency section */
		6A8A5F5C289A4E8E004C1D63 /* Alamofire */ = {
			isa = XCSwiftPackageProductDependency;
			package = 6A8A5F5B289A4E8E004C1D63 /* XCRemoteSwiftPackageReference "Alamofire" */;
			productName = Alamofire;
		};
/* End XCSwiftPackageProductDependency section */
	};
	rootObject = 6A8A5F102898E9BA004C1D63 /* Project object */;
}
